
Microsoft Visual Studio Solution File, Format Version 12.00
# Visual Studio 15
VisualStudioVersion = 15.0.27004.2002
MinimumVisualStudioVersion = 10.0.40219.1
Project("{FAE04EC0-301F-11D3-BF4B-00C04F79EFBC}") = "WordCards", "WindowsFormsApp3\WordCards.csproj", "{63EB8978-D1B6-4E11-90A7-1D385B088097}"
EndProject
Global
	GlobalSection(SolutionConfigurationPlatforms) = preSolution
		Debug|Any CPU = Debug|Any CPU
		Release|Any CPU = Release|Any CPU
	EndGlobalSection
	GlobalSection(ProjectConfigurationPlatforms) = postSolution
		{63EB8978-D1B6-4E11-90A7-1D385B088097}.Debug|Any CPU.ActiveCfg = Debug|Any CPU
		{63EB8978-D1B6-4E11-90A7-1D385B088097}.Debug|Any CPU.Build.0 = Debug|Any CPU
		{63EB8978-D1B6-4E11-90A7-1D385B088097}.Release|Any CPU.ActiveCfg = Release|Any CPU
		{63EB8978-D1B6-4E11-90A7-1D385B088097}.Release|Any CPU.Build.0 = Release|Any CPU
	EndGlobalSection
	GlobalSection(SolutionProperties) = preSolution
		HideSolutionNode = FALSE
	EndGlobalSection
	GlobalSection(ExtensibilityGlobals) = postSolution
		SolutionGuid = {B6C9C9C3-504A-4E8E-8EE3-C7BC5EF2CBB5}
	EndGlobalSection
EndGlobal
